
Microsoft Visual Studio Solution File, Format Version 12.00
# Visual Studio Version 16
Project("{2150E333-8FDC-42A3-9474-1A3956D46DE8}") = "CMakePredefinedTargets", "CMakePredefinedTargets", "{C5B01F79-A8F1-3DCE-A77B-D8859D192C54}"
EndProject
Project("{8BC9CEB8-8B4A-11D0-8D11-00A0C91BC942}") = "ALL_BUILD", "ALL_BUILD.vcxproj", "{B69F818C-2184-3585-9E31-716B6B40077A}"
	ProjectSection(ProjectDependencies) = postProject
		{B2718BEF-4F29-321D-B077-92F85319698F} = {B2718BEF-4F29-321D-B077-92F85319698F}
		{774E6D22-4A04-3D1A-892D-FC9C66F2C850} = {774E6D22-4A04-3D1A-892D-FC9C66F2C850}
	EndProjectSection
EndProject
Project("{8BC9CEB8-8B4A-11D0-8D11-00A0C91BC942}") = "ZERO_CHECK", "..\..\\ZERO_CHECK.vcxproj", "{B2718BEF-4F29-321D-B077-92F85319698F}"
	ProjectSection(ProjectDependencies) = postProject
	EndProjectSection
EndProject
Project("{8BC9CEB8-8B4A-11D0-8D11-00A0C91BC942}") = "calibrateCam", "calibrateCam.vcxproj", "{774E6D22-4A04-3D1A-892D-FC9C66F2C850}"
	ProjectSection(ProjectDependencies) = postProject
		{B2718BEF-4F29-321D-B077-92F85319698F} = {B2718BEF-4F29-321D-B077-92F85319698F}
		{1632601C-1B7B-312E-90A1-6A03D6141985} = {1632601C-1B7B-312E-90A1-6A03D6141985}
		{A311592C-8658-31C7-B623-5B696A377CB4} = {A311592C-8658-31C7-B623-5B696A377CB4}
	EndProjectSection
EndProject
Project("{8BC9CEB8-8B4A-11D0-8D11-00A0C91BC942}") = "libCalib", "..\..\cpslib\libCalib\libCalib.vcxproj", "{1632601C-1B7B-312E-90A1-6A03D6141985}"
	ProjectSection(ProjectDependencies) = postProject
		{B2718BEF-4F29-321D-B077-92F85319698F} = {B2718BEF-4F29-321D-B077-92F85319698F}
	EndProjectSection
EndProject
Project("{8BC9CEB8-8B4A-11D0-8D11-00A0C91BC942}") = "libGeom", "..\..\cpslib\libGeom\libGeom.vcxproj", "{A311592C-8658-31C7-B623-5B696A377CB4}"
	ProjectSection(ProjectDependencies) = postProject
		{B2718BEF-4F29-321D-B077-92F85319698F} = {B2718BEF-4F29-321D-B077-92F85319698F}
	EndProjectSection
EndProject
Global
	GlobalSection(SolutionConfigurationPlatforms) = preSolution
		Debug|x64 = Debug|x64
		Release|x64 = Release|x64
		MinSizeRel|x64 = MinSizeRel|x64
		RelWithDebInfo|x64 = RelWithDebInfo|x64
	EndGlobalSection
	GlobalSection(ProjectConfigurationPlatforms) = postSolution
		{B69F818C-2184-3585-9E31-716B6B40077A}.Debug|x64.ActiveCfg = Debug|x64
		{B69F818C-2184-3585-9E31-716B6B40077A}.Release|x64.ActiveCfg = Release|x64
		{B69F818C-2184-3585-9E31-716B6B40077A}.MinSizeRel|x64.ActiveCfg = MinSizeRel|x64
		{B69F818C-2184-3585-9E31-716B6B40077A}.RelWithDebInfo|x64.ActiveCfg = RelWithDebInfo|x64
		{B2718BEF-4F29-321D-B077-92F85319698F}.Debug|x64.ActiveCfg = Debug|x64
		{B2718BEF-4F29-321D-B077-92F85319698F}.Debug|x64.Build.0 = Debug|x64
		{B2718BEF-4F29-321D-B077-92F85319698F}.Release|x64.ActiveCfg = Release|x64
		{B2718BEF-4F29-321D-B077-92F85319698F}.Release|x64.Build.0 = Release|x64
		{B2718BEF-4F29-321D-B077-92F85319698F}.MinSizeRel|x64.ActiveCfg = MinSizeRel|x64
		{B2718BEF-4F29-321D-B077-92F85319698F}.MinSizeRel|x64.Build.0 = MinSizeRel|x64
		{B2718BEF-4F29-321D-B077-92F85319698F}.RelWithDebInfo|x64.ActiveCfg = RelWithDebInfo|x64
		{B2718BEF-4F29-321D-B077-92F85319698F}.RelWithDebInfo|x64.Build.0 = RelWithDebInfo|x64
		{774E6D22-4A04-3D1A-892D-FC9C66F2C850}.Debug|x64.ActiveCfg = Debug|x64
		{774E6D22-4A04-3D1A-892D-FC9C66F2C850}.Debug|x64.Build.0 = Debug|x64
		{774E6D22-4A04-3D1A-892D-FC9C66F2C850}.Release|x64.ActiveCfg = Release|x64
		{774E6D22-4A04-3D1A-892D-FC9C66F2C850}.Release|x64.Build.0 = Release|x64
		{774E6D22-4A04-3D1A-892D-FC9C66F2C850}.MinSizeRel|x64.ActiveCfg = MinSizeRel|x64
		{774E6D22-4A04-3D1A-892D-FC9C66F2C850}.MinSizeRel|x64.Build.0 = MinSizeRel|x64
		{774E6D22-4A04-3D1A-892D-FC9C66F2C850}.RelWithDebInfo|x64.ActiveCfg = RelWithDebInfo|x64
		{774E6D22-4A04-3D1A-892D-FC9C66F2C850}.RelWithDebInfo|x64.Build.0 = RelWithDebInfo|x64
		{1632601C-1B7B-312E-90A1-6A03D6141985}.Debug|x64.ActiveCfg = Debug|x64
		{1632601C-1B7B-312E-90A1-6A03D6141985}.Debug|x64.Build.0 = Debug|x64
		{1632601C-1B7B-312E-90A1-6A03D6141985}.Release|x64.ActiveCfg = Release|x64
		{1632601C-1B7B-312E-90A1-6A03D6141985}.Release|x64.Build.0 = Release|x64
		{1632601C-1B7B-312E-90A1-6A03D6141985}.MinSizeRel|x64.ActiveCfg = MinSizeRel|x64
		{1632601C-1B7B-312E-90A1-6A03D6141985}.MinSizeRel|x64.Build.0 = MinSizeRel|x64
		{1632601C-1B7B-312E-90A1-6A03D6141985}.RelWithDebInfo|x64.ActiveCfg = RelWithDebInfo|x64
		{1632601C-1B7B-312E-90A1-6A03D6141985}.RelWithDebInfo|x64.Build.0 = RelWithDebInfo|x64
		{A311592C-8658-31C7-B623-5B696A377CB4}.Debug|x64.ActiveCfg = Debug|x64
		{A311592C-8658-31C7-B623-5B696A377CB4}.Debug|x64.Build.0 = Debug|x64
		{A311592C-8658-31C7-B623-5B696A377CB4}.Release|x64.ActiveCfg = Release|x64
		{A311592C-8658-31C7-B623-5B696A377CB4}.Release|x64.Build.0 = Release|x64
		{A311592C-8658-31C7-B623-5B696A377CB4}.MinSizeRel|x64.ActiveCfg = MinSizeRel|x64
		{A311592C-8658-31C7-B623-5B696A377CB4}.MinSizeRel|x64.Build.0 = MinSizeRel|x64
		{A311592C-8658-31C7-B623-5B696A377CB4}.RelWithDebInfo|x64.ActiveCfg = RelWithDebInfo|x64
		{A311592C-8658-31C7-B623-5B696A377CB4}.RelWithDebInfo|x64.Build.0 = RelWithDebInfo|x64
	EndGlobalSection
	GlobalSection(NestedProjects) = preSolution
		{B69F818C-2184-3585-9E31-716B6B40077A} = {C5B01F79-A8F1-3DCE-A77B-D8859D192C54}
		{B2718BEF-4F29-321D-B077-92F85319698F} = {C5B01F79-A8F1-3DCE-A77B-D8859D192C54}
	EndGlobalSection
	GlobalSection(ExtensibilityGlobals) = postSolution
		SolutionGuid = {45B1EFC8-F2D5-3230-8BAB-BB486C80642E}
	EndGlobalSection
	GlobalSection(ExtensibilityAddIns) = postSolution
	EndGlobalSection
EndGlobal
