<?xml version="1.0" encoding="utf-8"?>
<Project ToolsVersion="16.0" xmlns="http://schemas.microsoft.com/developer/msbuild/2003">
  <ItemGroup>
    <ClCompile Include="C:\Users\micha\Desktop\cpsspatialar\src\cpslib\libGeom\Camera.cpp">
      <Filter>Source Files</Filter>
    </ClCompile>
    <ClCompile Include="C:\Users\micha\Desktop\cpsspatialar\src\cpslib\libGeom\Plane.cpp">
      <Filter>Source Files</Filter>
    </ClCompile>
    <ClCompile Include="C:\Users\micha\Desktop\cpsspatialar\src\cpslib\libGeom\PointCloud.cpp">
      <Filter>Source Files</Filter>
    </ClCompile>
  </ItemGroup>
  <ItemGroup>
    <ClInclude Include="C:\Users\micha\Desktop\cpsspatialar\src\cpslib\libGeom\Camera.h">
      <Filter>Header Files</Filter>
    </ClInclude>
    <ClInclude Include="C:\Users\micha\Desktop\cpsspatialar\src\cpslib\libGeom\headers.h">
      <Filter>Header Files</Filter>
    </ClInclude>
    <ClInclude Include="C:\Users\micha\Desktop\cpsspatialar\src\cpslib\libGeom\Plane.h">
      <Filter>Header Files</Filter>
    </ClInclude>
    <ClInclude Include="C:\Users\micha\Desktop\cpsspatialar\src\cpslib\libGeom\PointCloud.h">
      <Filter>Header Files</Filter>
    </ClInclude>
  </ItemGroup>
  <ItemGroup>
    <CustomBuild Include="C:\Users\micha\Desktop\cpsspatialar\src\cpslib\libGeom\CMakeLists.txt" />
  </ItemGroup>
  <ItemGroup>
    <Filter Include="Header Files">
      <UniqueIdentifier>{EBE9241F-DE7D-3555-85F5-B24BE29A937D}</UniqueIdentifier>
    </Filter>
    <Filter Include="Source Files">
      <UniqueIdentifier>{B9C1AB42-D7E9-32D8-8E1C-41F653AF3D22}</UniqueIdentifier>
    </Filter>
  </ItemGroup>
</Project>
